{
  "version": 1,
  "dependencies": {
    "net8.0": {
      "Google.Protobuf": {
        "type": "Direct",
        "requested": "[3.27.2, )",
        "resolved": "3.27.2",
        "contentHash": "0wdgA3LO9mBS477jieBFs4pU1sWhVtwv/P+i9nAEiFDQyUA7PPHDBbJL1CeqYtV18jLiq9og4n7wSVCO171OBg=="
      },
      "Grpc.AspNetCore": {
        "type": "Direct",
        "requested": "[2.64.0, )",
        "resolved": "2.64.0",
        "contentHash": "+UX5rIy4c4kFJv1WIXONG3sgn9oHN4epO3EILYAGbh6ZCZWdedK/uMpRPal+NuxYi+YDAILksiIsYRTmEbiNOQ==",
        "dependencies": {
          "Google.Protobuf": "3.27.0",
          "Grpc.AspNetCore.Server.ClientFactory": "2.64.0",
          "Grpc.Tools": "2.64.0"
        }
      },
      "Grpc.AspNetCore.Web": {
        "type": "Direct",
        "requested": "[2.64.0, )",
        "resolved": "2.64.0",
        "contentHash": "d2mhlG09l+kP9RLgkMbluSbr/SATbp5A2JK4D1yoGDqRSR9qS6NPaIjqoCqTka4s1EjgA8XSps7ueRmHZmB7Tw=="
      },
      "Grpc.Net.Client": {
        "type": "Direct",
        "requested": "[2.64.0, )",
        "resolved": "2.64.0",
        "contentHash": "48sLEzEyAi3sIxunCPlz6st3WDUtD3fwya4lv9eeNrkLqs/qo4AosImYsMleS638ShQ9DD4s9DAfyQW3k4LgZQ==",
        "dependencies": {
          "Grpc.Net.Common": "2.64.0",
          "Microsoft.Extensions.Logging.Abstractions": "6.0.0"
        }
      },
      "Grpc.AspNetCore.Server": {
        "type": "Transitive",
        "resolved": "2.64.0",
        "contentHash": "Dxra1DeDa/57pcembSG8pA7oyD3uCH+gv1+3LJpFzCQTE5F0DG+VqPh/dZph62WWT5kPMYSqF1ezS+9FrFZmGA==",
        "dependencies": {
          "Grpc.Net.Common": "2.64.0"
        }
      },
      "Grpc.AspNetCore.Server.ClientFactory": {
        "type": "Transitive",
        "resolved": "2.64.0",
        "contentHash": "J8DXFn/oT1yn+B3TJWnoygO+7S+WqUo47K43LgvtkcXbtkcJs246lYLPkcy09bjoCDFLD9u9G5FYtPF5i+W9Kg==",
        "dependencies": {
          "Grpc.AspNetCore.Server": "2.64.0",
          "Grpc.Net.ClientFactory": "2.64.0"
        }
      },
      "Grpc.Core.Api": {
        "type": "Transitive",
        "resolved": "2.64.0",
        "contentHash": "CFwvZT56TU9D4Znz2qGz2S7XtXjo+t2DlTsa12vs+rKRwOuUI3dv/5vnh7LRgMDcumWOzR8L6IbtCYtJmcp3Rg=="
      },
      "Grpc.Net.ClientFactory": {
        "type": "Transitive",
        "resolved": "2.64.0",
        "contentHash": "k/CACy93x7+/qKXao4SAWqO7vnqt7GxyPdKUe7OJpbH8mxkONJBelIE9M5sQwHRo1Y/R9bGR2QqXz4u1SZEsNA==",
        "dependencies": {
          "Grpc.Net.Client": "2.64.0",
          "Microsoft.Extensions.Http": "6.0.0"
        }
      },
      "Grpc.Net.Common": {
        "type": "Transitive",
        "resolved": "2.64.0",
        "contentHash": "j0L9suu8a81/TuJmb6UgeZ/MHrYVjzI4clEYTOgAyA5P1onOkNMQkyMWSP+YwKLDYVIt0tmODK+yaau9Lgobpg==",
        "dependencies": {
          "Grpc.Core.Api": "2.64.0"
        }
      },
      "Grpc.Tools": {
        "type": "Transitive",
        "resolved": "2.64.0",
        "contentHash": "W5RrhDFHUhioASktxfuDs5fTjWUxwegljZAig9zFL8nWNskeyQA6OXN2choWKYxGrljer25VqCJCMbWz7XHvqg=="
      },
      "Microsoft.Extensions.DependencyInjection": {
        "type": "Transitive",
        "resolved": "6.0.0",
        "contentHash": "k6PWQMuoBDGGHOQTtyois2u4AwyVcIwL2LaSLlTZQm2CYcJ1pxbt6jfAnpWmzENA/wfrYRI/X9DTLoUkE4AsLw==",
        "dependencies": {
          "Microsoft.Extensions.DependencyInjection.Abstractions": "6.0.0",
          "System.Runtime.CompilerServices.Unsafe": "6.0.0"
        }
      },
      "Microsoft.Extensions.DependencyInjection.Abstractions": {
        "type": "Transitive",
        "resolved": "6.0.0",
        "contentHash": "xlzi2IYREJH3/m6+lUrQlujzX8wDitm4QGnUu6kUXTQAWPuZY8i+ticFJbzfqaetLA6KR/rO6Ew/HuYD+bxifg=="
      },
      "Microsoft.Extensions.Http": {
        "type": "Transitive",
        "resolved": "6.0.0",
        "contentHash": "15+pa2G0bAMHbHewaQIdr/y6ag2H3yh4rd9hTXavtWDzQBkvpe2RMqFg8BxDpcQWssmjmBApGPcw93QRz6YcMg==",
        "dependencies": {
          "Microsoft.Extensions.DependencyInjection.Abstractions": "6.0.0",
          "Microsoft.Extensions.Logging": "6.0.0",
          "Microsoft.Extensions.Logging.Abstractions": "6.0.0",
          "Microsoft.Extensions.Options": "6.0.0"
        }
      },
      "Microsoft.Extensions.Logging": {
        "type": "Transitive",
        "resolved": "6.0.0",
        "contentHash": "eIbyj40QDg1NDz0HBW0S5f3wrLVnKWnDJ/JtZ+yJDFnDj90VoPuoPmFkeaXrtu+0cKm5GRAwoDf+dBWXK0TUdg==",
        "dependencies": {
          "Microsoft.Extensions.DependencyInjection": "6.0.0",
          "Microsoft.Extensions.DependencyInjection.Abstractions": "6.0.0",
          "Microsoft.Extensions.Logging.Abstractions": "6.0.0",
          "Microsoft.Extensions.Options": "6.0.0",
          "System.Diagnostics.DiagnosticSource": "6.0.0"
        }
      },
      "Microsoft.Extensions.Logging.Abstractions": {
        "type": "Transitive",
        "resolved": "6.0.0",
        "contentHash": "/HggWBbTwy8TgebGSX5DBZ24ndhzi93sHUBDvP1IxbZD7FDokYzdAr6+vbWGjw2XAfR2EJ1sfKUotpjHnFWPxA=="
      },
      "Microsoft.Extensions.Options": {
        "type": "Transitive",
        "resolved": "6.0.0",
        "contentHash": "dzXN0+V1AyjOe2xcJ86Qbo233KHuLEY0njf/P2Kw8SfJU+d45HNS2ctJdnEnrWbM9Ye2eFgaC5Mj9otRMU6IsQ==",
        "dependencies": {
          "Microsoft.Extensions.DependencyInjection.Abstractions": "6.0.0",
          "Microsoft.Extensions.Primitives": "6.0.0"
        }
      },
      "Microsoft.Extensions.Primitives": {
        "type": "Transitive",
        "resolved": "6.0.0",
        "contentHash": "9+PnzmQFfEFNR9J2aDTfJGGupShHjOuGw4VUv+JB044biSHrnmCIMD+mJHmb2H7YryrfBEXDurxQ47gJZdCKNQ==",
        "dependencies": {
          "System.Runtime.CompilerServices.Unsafe": "6.0.0"
        }
      },
      "System.Diagnostics.DiagnosticSource": {
        "type": "Transitive",
        "resolved": "6.0.0",
        "contentHash": "frQDfv0rl209cKm1lnwTgFPzNigy2EKk1BS3uAvHvlBVKe5cymGyHO+Sj+NLv5VF/AhHsqPIUUwya5oV4CHMUw==",
        "dependencies": {
          "System.Runtime.CompilerServices.Unsafe": "6.0.0"
        }
      },
      "System.Runtime.CompilerServices.Unsafe": {
        "type": "Transitive",
        "resolved": "6.0.0",
        "contentHash": "/iUeP3tq1S0XdNNoMz5C9twLSrM/TH+qElHkXWaPvuNOt+99G75NrV0OS2EqHx5wMN7popYjpc8oTjC1y16DLg=="
      }
    }
  }
}